
Microsoft Visual Studio Solution File, Format Version 12.00
# Visual Studio Version 17
VisualStudioVersion = 17.8.34511.84
MinimumVisualStudioVersion = 10.0.40219.1
Project("{FAE04EC0-301F-11D3-BF4B-00C04F79EFBC}") = "Week5LogicalOperators", "Week5LogicalOperators\Week5LogicalOperators.csproj", "{1FBFB1CE-7F3D-42B9-B76A-9DC7ED4F7779}"
EndProject
Project("{FAE04EC0-301F-11D3-BF4B-00C04F79EFBC}") = "ANDOperator", "ANDOperator\ANDOperator.csproj", "{930AC1C3-280C-4FB7-B2D7-8F178F0CDD56}"
EndProject
Project("{FAE04EC0-301F-11D3-BF4B-00C04F79EFBC}") = "OROperator", "OROperator\OROperator.csproj", "{A9EE71A7-BF14-4A2C-9753-E5A91C280AD2}"
EndProject
Project("{FAE04EC0-301F-11D3-BF4B-00C04F79EFBC}") = "ANDRanges", "ANDRanges\ANDRanges.csproj", "{0286EA58-A9E6-49DE-B21F-6D7477A8C5D6}"
EndProject
Global
	GlobalSection(SolutionConfigurationPlatforms) = preSolution
		Debug|Any CPU = Debug|Any CPU
		Release|Any CPU = Release|Any CPU
	EndGlobalSection
	GlobalSection(ProjectConfigurationPlatforms) = postSolution
		{1FBFB1CE-7F3D-42B9-B76A-9DC7ED4F7779}.Debug|Any CPU.ActiveCfg = Debug|Any CPU
		{1FBFB1CE-7F3D-42B9-B76A-9DC7ED4F7779}.Debug|Any CPU.Build.0 = Debug|Any CPU
		{1FBFB1CE-7F3D-42B9-B76A-9DC7ED4F7779}.Release|Any CPU.ActiveCfg = Release|Any CPU
		{1FBFB1CE-7F3D-42B9-B76A-9DC7ED4F7779}.Release|Any CPU.Build.0 = Release|Any CPU
		{930AC1C3-280C-4FB7-B2D7-8F178F0CDD56}.Debug|Any CPU.ActiveCfg = Debug|Any CPU
		{930AC1C3-280C-4FB7-B2D7-8F178F0CDD56}.Debug|Any CPU.Build.0 = Debug|Any CPU
		{930AC1C3-280C-4FB7-B2D7-8F178F0CDD56}.Release|Any CPU.ActiveCfg = Release|Any CPU
		{930AC1C3-280C-4FB7-B2D7-8F178F0CDD56}.Release|Any CPU.Build.0 = Release|Any CPU
		{A9EE71A7-BF14-4A2C-9753-E5A91C280AD2}.Debug|Any CPU.ActiveCfg = Debug|Any CPU
		{A9EE71A7-BF14-4A2C-9753-E5A91C280AD2}.Debug|Any CPU.Build.0 = Debug|Any CPU
		{A9EE71A7-BF14-4A2C-9753-E5A91C280AD2}.Release|Any CPU.ActiveCfg = Release|Any CPU
		{A9EE71A7-BF14-4A2C-9753-E5A91C280AD2}.Release|Any CPU.Build.0 = Release|Any CPU
		{0286EA58-A9E6-49DE-B21F-6D7477A8C5D6}.Debug|Any CPU.ActiveCfg = Debug|Any CPU
		{0286EA58-A9E6-49DE-B21F-6D7477A8C5D6}.Debug|Any CPU.Build.0 = Debug|Any CPU
		{0286EA58-A9E6-49DE-B21F-6D7477A8C5D6}.Release|Any CPU.ActiveCfg = Release|Any CPU
		{0286EA58-A9E6-49DE-B21F-6D7477A8C5D6}.Release|Any CPU.Build.0 = Release|Any CPU
	EndGlobalSection
	GlobalSection(SolutionProperties) = preSolution
		HideSolutionNode = FALSE
	EndGlobalSection
	GlobalSection(ExtensibilityGlobals) = postSolution
		SolutionGuid = {6BBC470A-FD6F-4D4A-83A5-D05DE49F71F6}
	EndGlobalSection
EndGlobal
